<?xml version="1.0" encoding="utf-8"?>
<Project ToolsVersion="4.0" xmlns="http://schemas.microsoft.com/developer/msbuild/2003">
  <ItemGroup>
    <ClCompile Include="main.cpp" />
  </ItemGroup>
  <ItemGroup>
    <Filter Include="common">
      <UniqueIdentifier>{2f53e27c-196c-4eba-86bf-3ef93cdc7bcf}</UniqueIdentifier>
    </Filter>
    <Filter Include="common\net">
      <UniqueIdentifier>{ed8b6f1b-7e05-4fb1-b934-88e4277f6c4e}</UniqueIdentifier>
    </Filter>
    <Filter Include="common\rpc">
      <UniqueIdentifier>{da6135fd-6a49-4667-a1b2-2a4027d5490e}</UniqueIdentifier>
    </Filter>
  </ItemGroup>
  <ItemGroup>
    <ClInclude Include="src\common\rpc\RpcChannel.h">
      <Filter>common\rpc</Filter>
    </ClInclude>
    <ClInclude Include="src\common\net\connection.h">
      <Filter>common\net</Filter>
    </ClInclude>
    <ClInclude Include="src\common\net\net_buffer.h">
      <Filter>common\net</Filter>
    </ClInclude>
    <ClInclude Include="src\common\net\socket_wapper.h">
      <Filter>common\net</Filter>
    </ClInclude>
    <ClInclude Include="src\common\net\net_def.h">
      <Filter>common\net</Filter>
    </ClInclude>
  </ItemGroup>
</Project>