<?xml version="1.0" encoding="utf-8"?>
<Project ToolsVersion="4.0" xmlns="http://schemas.microsoft.com/developer/msbuild/2003">
  <ItemGroup>
    <Filter Include="源文件">
      <UniqueIdentifier>{4FC737F1-C7A5-4376-A066-2A32D752A2FF}</UniqueIdentifier>
      <Extensions>cpp;c;cc;cxx;def;odl;idl;hpj;bat;asm;asmx</Extensions>
    </Filter>
    <Filter Include="头文件">
      <UniqueIdentifier>{93995380-89BD-4b04-88EB-625FBE52EBFB}</UniqueIdentifier>
      <Extensions>h;hpp;hxx;hm;inl;inc;xsd</Extensions>
    </Filter>
    <Filter Include="资源文件">
      <UniqueIdentifier>{67DA6AB6-F800-4c08-8B7A-83BB121AAD01}</UniqueIdentifier>
      <Extensions>rc;ico;cur;bmp;dlg;rc2;rct;bin;rgs;gif;jpg;jpeg;jpe;resx;tiff;tif;png;wav;mfcribbon-ms</Extensions>
    </Filter>
    <Filter Include="common">
      <UniqueIdentifier>{53213776-ae0d-44fb-8ef2-91ae1a58b89a}</UniqueIdentifier>
    </Filter>
    <Filter Include="common\net">
      <UniqueIdentifier>{acea8a03-2557-47d8-84ad-2d6fdef584e3}</UniqueIdentifier>
    </Filter>
    <Filter Include="common\rpc">
      <UniqueIdentifier>{46165c5b-1999-477a-9372-acda41645d21}</UniqueIdentifier>
    </Filter>
    <Filter Include="common\buffer">
      <UniqueIdentifier>{2f734646-1385-4fb9-a5b2-49b23db932e8}</UniqueIdentifier>
    </Filter>
    <Filter Include="common\util">
      <UniqueIdentifier>{2a96c95e-00d3-4df7-be42-95601a66c1c7}</UniqueIdentifier>
    </Filter>
  </ItemGroup>
  <ItemGroup>
    <ClCompile Include="main.cpp">
      <Filter>源文件</Filter>
    </ClCompile>
    <ClCompile Include="src\common\net\tcp_server.cpp">
      <Filter>common\net</Filter>
    </ClCompile>
    <ClCompile Include="src\common\rpc\protobuf_decoder.cpp">
      <Filter>common\rpc</Filter>
    </ClCompile>
    <ClCompile Include="src\common\net\message_dispatcher.cpp">
      <Filter>common\net</Filter>
    </ClCompile>
    <ClCompile Include="src\common\rpc\rpc.pb.cc">
      <Filter>common\rpc</Filter>
    </ClCompile>
    <ClCompile Include="src\common\net\service_skeleton.cpp">
      <Filter>common\net</Filter>
    </ClCompile>
    <ClCompile Include="src\common\rpc\rpc_service_skeleton.cpp">
      <Filter>common\rpc</Filter>
    </ClCompile>
    <ClCompile Include="ismp.pb.cc">
      <Filter>源文件</Filter>
    </ClCompile>
  </ItemGroup>
  <ItemGroup>
    <ClInclude Include="src\common\common.h">
      <Filter>common</Filter>
    </ClInclude>
    <ClInclude Include="src\common\net\tcp_server.h">
      <Filter>common\net</Filter>
    </ClInclude>
    <ClInclude Include="src\common\net\tcp_connection.h">
      <Filter>common\net</Filter>
    </ClInclude>
    <ClInclude Include="src\common\net\net_buffer.h">
      <Filter>common\net</Filter>
    </ClInclude>
    <ClInclude Include="src\common\net\frame_decoder.h">
      <Filter>common\net</Filter>
    </ClInclude>
    <ClInclude Include="src\common\net\message_decoder.h">
      <Filter>common\net</Filter>
    </ClInclude>
    <ClInclude Include="src\common\net\Test.h">
      <Filter>common\net</Filter>
    </ClInclude>
    <ClInclude Include="src\common\net\message_encoder.h">
      <Filter>common\net</Filter>
    </ClInclude>
    <ClInclude Include="src\common\net\message_handler.h">
      <Filter>common\net</Filter>
    </ClInclude>
    <ClInclude Include="src\common\net\message_filter.h">
      <Filter>common\net</Filter>
    </ClInclude>
    <ClInclude Include="src\common\rpc\protobuf_frame_decoder.h">
      <Filter>common\rpc</Filter>
    </ClInclude>
    <ClInclude Include="src\common\rpc\protobuf_decoder.h">
      <Filter>common\rpc</Filter>
    </ClInclude>
    <ClInclude Include="src\common\rpc\rpc.pb.h">
      <Filter>common\rpc</Filter>
    </ClInclude>
    <ClInclude Include="src\common\net\net_def.h">
      <Filter>common\net</Filter>
    </ClInclude>
    <ClInclude Include="src\common\net\message_dispatcher.h">
      <Filter>common\net</Filter>
    </ClInclude>
    <ClInclude Include="src\common\util\blocking_queue.h">
      <Filter>common\util</Filter>
    </ClInclude>
    <ClInclude Include="src\common\net\service_skeleton.h">
      <Filter>common\net</Filter>
    </ClInclude>
    <ClInclude Include="src\common\rpc\rpc_service_skeleton.h">
      <Filter>common\rpc</Filter>
    </ClInclude>
    <ClInclude Include="src\common\rpc\RpcChannel.h">
      <Filter>common\rpc</Filter>
    </ClInclude>
    <ClInclude Include="ismp.pb.h">
      <Filter>源文件</Filter>
    </ClInclude>
    <ClInclude Include="src\common\net\net_package.h">
      <Filter>common\net</Filter>
    </ClInclude>
  </ItemGroup>
</Project>